
Microsoft Visual Studio Solution File, Format Version 12.00
# Visual Studio Version 17
VisualStudioVersion = 17.9.34728.123
MinimumVisualStudioVersion = 10.0.40219.1
Project("{FAE04EC0-301F-11D3-BF4B-00C04F79EFBC}") = "The Variable Shop", "The Variable Shop.csproj", "{FA1C49FD-2265-480D-ACF9-4EB262F5A051}"
EndProject
Global
	GlobalSection(SolutionConfigurationPlatforms) = preSolution
		Debug|Any CPU = Debug|Any CPU
		Release|Any CPU = Release|Any CPU
	EndGlobalSection
	GlobalSection(ProjectConfigurationPlatforms) = postSolution
		{FA1C49FD-2265-480D-ACF9-4EB262F5A051}.Debug|Any CPU.ActiveCfg = Debug|Any CPU
		{FA1C49FD-2265-480D-ACF9-4EB262F5A051}.Debug|Any CPU.Build.0 = Debug|Any CPU
		{FA1C49FD-2265-480D-ACF9-4EB262F5A051}.Release|Any CPU.ActiveCfg = Release|Any CPU
		{FA1C49FD-2265-480D-ACF9-4EB262F5A051}.Release|Any CPU.Build.0 = Release|Any CPU
	EndGlobalSection
	GlobalSection(SolutionProperties) = preSolution
		HideSolutionNode = FALSE
	EndGlobalSection
	GlobalSection(ExtensibilityGlobals) = postSolution
		SolutionGuid = {DA47761A-6E3F-40DE-BC7C-73DC64292B34}
	EndGlobalSection
EndGlobal
